// !$*UTF8*$!
{
	archiveVersion = 1;
	classes = {
	};
	objectVersion = 50;
	objects = {

/* Begin PBXBuildFile section */
		30771E0C244506D000890AB9 /* AppDelegate.swift in Sources */ = {isa = PBXBuildFile; fileRef = 30771E0B244506D000890AB9 /* AppDelegate.swift */; };
		30771E0E244506D000890AB9 /* IntroScene.sks in Resources */ = {isa = PBXBuildFile; fileRef = 30771E0D244506D000890AB9 /* IntroScene.sks */; };
		30771E14244506D000890AB9 /* GameViewController.swift in Sources */ = {isa = PBXBuildFile; fileRef = 30771E13244506D000890AB9 /* GameViewController.swift */; };
		30771E17244506D000890AB9 /* Main.storyboard in Resources */ = {isa = PBXBuildFile; fileRef = 30771E15244506D000890AB9 /* Main.storyboard */; };
		30771E19244506D200890AB9 /* Assets.xcassets in Resources */ = {isa = PBXBuildFile; fileRef = 30771E18244506D200890AB9 /* Assets.xcassets */; };
		30771E1C244506D200890AB9 /* LaunchScreen.storyboard in Resources */ = {isa = PBXBuildFile; fileRef = 30771E1A244506D200890AB9 /* LaunchScreen.storyboard */; };
		30BD2B992445173D00272DA0 /* JumperScene.swift in Sources */ = {isa = PBXBuildFile; fileRef = 30BD2B982445173D00272DA0 /* JumperScene.swift */; };
		A751EBD92451067B001B5DD9 /* JumperScene.sks in Resources */ = {isa = PBXBuildFile; fileRef = A751EBD82451067B001B5DD9 /* JumperScene.sks */; };
		A757A3E924523C720059CFBA /* Jungle_Intro.mp3 in Resources */ = {isa = PBXBuildFile; fileRef = A757A3E824523C720059CFBA /* Jungle_Intro.mp3 */; };
		A757A3ED24523F1E0059CFBA /* sfx_throw.wav in Resources */ = {isa = PBXBuildFile; fileRef = A757A3EC24523F1E0059CFBA /* sfx_throw.wav */; };
		A757A3F0245243FB0059CFBA /* hit.wav in Resources */ = {isa = PBXBuildFile; fileRef = A757A3EF245243FB0059CFBA /* hit.wav */; };
		A757A3F424524CCC0059CFBA /* theboldfont.ttf in Resources */ = {isa = PBXBuildFile; fileRef = A757A3F324524CCC0059CFBA /* theboldfont.ttf */; };
		A75857D62453317C006C70B5 /* GameOverScene.swift in Sources */ = {isa = PBXBuildFile; fileRef = A75857D52453317C006C70B5 /* GameOverScene.swift */; };
		A75E2EF624583E1A0008EC73 /* Jungle_Ambience.mp3 in Resources */ = {isa = PBXBuildFile; fileRef = A75E2EF524583E190008EC73 /* Jungle_Ambience.mp3 */; };
		A75E2EF8245840C50008EC73 /* Jungle_Ambience1.mp3 in Resources */ = {isa = PBXBuildFile; fileRef = A75E2EF7245840C50008EC73 /* Jungle_Ambience1.mp3 */; };
		A75F35122457AEE800515A91 /* Jungle_Action.mp3 in Resources */ = {isa = PBXBuildFile; fileRef = A75F35112457AEE700515A91 /* Jungle_Action.mp3 */; };
		A75F35182457B4E700515A91 /* dead.wav in Resources */ = {isa = PBXBuildFile; fileRef = A75F35172457B4E700515A91 /* dead.wav */; };
		A764088F2454CEFB00D1B4B4 /* IntroScene.swift in Sources */ = {isa = PBXBuildFile; fileRef = A764088E2454CEFB00D1B4B4 /* IntroScene.swift */; };
		A77C0ED0245993DB000992F8 /* special_level.wav in Resources */ = {isa = PBXBuildFile; fileRef = A77C0ECF245993DA000992F8 /* special_level.wav */; };
/* End PBXBuildFile section */

/* Begin PBXFileReference section */
		30771E08244506D000890AB9 /* jump_game.app */ = {isa = PBXFileReference; explicitFileType = wrapper.application; includeInIndex = 0; path = jump_game.app; sourceTree = BUILT_PRODUCTS_DIR; };
		30771E0B244506D000890AB9 /* AppDelegate.swift */ = {isa = PBXFileReference; lastKnownFileType = sourcecode.swift; path = AppDelegate.swift; sourceTree = "<group>"; };
		30771E0D244506D000890AB9 /* IntroScene.sks */ = {isa = PBXFileReference; lastKnownFileType = file.sks; path = IntroScene.sks; sourceTree = "<group>"; };
		30771E13244506D000890AB9 /* GameViewController.swift */ = {isa = PBXFileReference; lastKnownFileType = sourcecode.swift; path = GameViewController.swift; sourceTree = "<group>"; };
		30771E16244506D000890AB9 /* Base */ = {isa = PBXFileReference; lastKnownFileType = file.storyboard; name = Base; path = Base.lproj/Main.storyboard; sourceTree = "<group>"; };
		30771E18244506D200890AB9 /* Assets.xcassets */ = {isa = PBXFileReference; lastKnownFileType = folder.assetcatalog; path = Assets.xcassets; sourceTree = "<group>"; };
		30771E1B244506D200890AB9 /* Base */ = {isa = PBXFileReference; lastKnownFileType = file.storyboard; name = Base; path = Base.lproj/LaunchScreen.storyboard; sourceTree = "<group>"; };
		30771E1D244506D200890AB9 /* Info.plist */ = {isa = PBXFileReference; lastKnownFileType = text.plist.xml; path = Info.plist; sourceTree = "<group>"; };
		30BD2B982445173D00272DA0 /* JumperScene.swift */ = {isa = PBXFileReference; lastKnownFileType = sourcecode.swift; path = JumperScene.swift; sourceTree = "<group>"; };
		A751EBD82451067B001B5DD9 /* JumperScene.sks */ = {isa = PBXFileReference; lastKnownFileType = file.sks; path = JumperScene.sks; sourceTree = "<group>"; };
		A757A3E824523C720059CFBA /* Jungle_Intro.mp3 */ = {isa = PBXFileReference; lastKnownFileType = audio.mp3; path = Jungle_Intro.mp3; sourceTree = "<group>"; };
		A757A3EC24523F1E0059CFBA /* sfx_throw.wav */ = {isa = PBXFileReference; lastKnownFileType = audio.wav; path = sfx_throw.wav; sourceTree = "<group>"; };
		A757A3EF245243FB0059CFBA /* hit.wav */ = {isa = PBXFileReference; lastKnownFileType = audio.wav; path = hit.wav; sourceTree = "<group>"; };
		A757A3F324524CCC0059CFBA /* theboldfont.ttf */ = {isa = PBXFileReference; lastKnownFileType = file; path = theboldfont.ttf; sourceTree = "<group>"; };
		A75857D52453317C006C70B5 /* GameOverScene.swift */ = {isa = PBXFileReference; lastKnownFileType = sourcecode.swift; path = GameOverScene.swift; sourceTree = "<group>"; };
		A75E2EF524583E190008EC73 /* Jungle_Ambience.mp3 */ = {isa = PBXFileReference; lastKnownFileType = audio.mp3; path = Jungle_Ambience.mp3; sourceTree = "<group>"; };
		A75E2EF7245840C50008EC73 /* Jungle_Ambience1.mp3 */ = {isa = PBXFileReference; lastKnownFileType = audio.mp3; path = Jungle_Ambience1.mp3; sourceTree = "<group>"; };
		A75F35112457AEE700515A91 /* Jungle_Action.mp3 */ = {isa = PBXFileReference; lastKnownFileType = audio.mp3; path = Jungle_Action.mp3; sourceTree = "<group>"; };
		A75F35172457B4E700515A91 /* dead.wav */ = {isa = PBXFileReference; lastKnownFileType = audio.wav; path = dead.wav; sourceTree = "<group>"; };
		A764088E2454CEFB00D1B4B4 /* IntroScene.swift */ = {isa = PBXFileReference; lastKnownFileType = sourcecode.swift; path = IntroScene.swift; sourceTree = "<group>"; };
		A77C0ECF245993DA000992F8 /* special_level.wav */ = {isa = PBXFileReference; lastKnownFileType = audio.wav; path = special_level.wav; sourceTree = "<group>"; };
/* End PBXFileReference section */

/* Begin PBXFrameworksBuildPhase section */
		30771E05244506CF00890AB9 /* Frameworks */ = {
			isa = PBXFrameworksBuildPhase;
			buildActionMask = 2147483647;
			files = (
			);
			runOnlyForDeploymentPostprocessing = 0;
		};
/* End PBXFrameworksBuildPhase section */

/* Begin PBXGroup section */
		30771DFF244506CF00890AB9 = {
			isa = PBXGroup;
			children = (
				30771E0A244506D000890AB9 /* jump_game */,
				30771E09244506D000890AB9 /* Products */,
			);
			sourceTree = "<group>";
		};
		30771E09244506D000890AB9 /* Products */ = {
			isa = PBXGroup;
			children = (
				30771E08244506D000890AB9 /* jump_game.app */,
			);
			name = Products;
			sourceTree = "<group>";
		};
		30771E0A244506D000890AB9 /* jump_game */ = {
			isa = PBXGroup;
			children = (
				A764088E2454CEFB00D1B4B4 /* IntroScene.swift */,
				30BD2B982445173D00272DA0 /* JumperScene.swift */,
				A75857D52453317C006C70B5 /* GameOverScene.swift */,
				30771E0B244506D000890AB9 /* AppDelegate.swift */,
				30771E13244506D000890AB9 /* GameViewController.swift */,
				30771E15244506D000890AB9 /* Main.storyboard */,
				30771E18244506D200890AB9 /* Assets.xcassets */,
				30771E1A244506D200890AB9 /* LaunchScreen.storyboard */,
				30771E1D244506D200890AB9 /* Info.plist */,
				30771E0D244506D000890AB9 /* IntroScene.sks */,
				A751EBD82451067B001B5DD9 /* JumperScene.sks */,
				A75E2EF7245840C50008EC73 /* Jungle_Ambience1.mp3 */,
				A75E2EF524583E190008EC73 /* Jungle_Ambience.mp3 */,
				A757A3E824523C720059CFBA /* Jungle_Intro.mp3 */,
				A75F35112457AEE700515A91 /* Jungle_Action.mp3 */,
				A757A3EC24523F1E0059CFBA /* sfx_throw.wav */,
				A77C0ECF245993DA000992F8 /* special_level.wav */,
				A757A3EF245243FB0059CFBA /* hit.wav */,
				A75F35172457B4E700515A91 /* dead.wav */,
				A757A3F324524CCC0059CFBA /* theboldfont.ttf */,
			);
			path = jump_game;
			sourceTree = "<group>";
		};
/* End PBXGroup section */

/* Begin PBXNativeTarget section */
		30771E07244506CF00890AB9 /* jump_game */ = {
			isa = PBXNativeTarget;
			buildConfigurationList = 30771E20244506D200890AB9 /* Build configuration list for PBXNativeTarget "jump_game" */;
			buildPhases = (
				30771E04244506CF00890AB9 /* Sources */,
				30771E05244506CF00890AB9 /* Frameworks */,
				30771E06244506CF00890AB9 /* Resources */,
			);
			buildRules = (
			);
			dependencies = (
			);
			name = jump_game;
			productName = jump_game;
			productReference = 30771E08244506D000890AB9 /* jump_game.app */;
			productType = "com.apple.product-type.application";
		};
/* End PBXNativeTarget section */

/* Begin PBXProject section */
		30771E00244506CF00890AB9 /* Project object */ = {
			isa = PBXProject;
			attributes = {
				LastSwiftUpdateCheck = 1140;
				LastUpgradeCheck = 1140;
				ORGANIZATIONNAME = user171355;
				TargetAttributes = {
					30771E07244506CF00890AB9 = {
						CreatedOnToolsVersion = 11.4;
					};
				};
			};
			buildConfigurationList = 30771E03244506CF00890AB9 /* Build configuration list for PBXProject "jump_game" */;
			compatibilityVersion = "Xcode 9.3";
			developmentRegion = en;
			hasScannedForEncodings = 0;
			knownRegions = (
				en,
				Base,
			);
			mainGroup = 30771DFF244506CF00890AB9;
			productRefGroup = 30771E09244506D000890AB9 /* Products */;
			projectDirPath = "";
			projectRoot = "";
			targets = (
				30771E07244506CF00890AB9 /* jump_game */,
			);
		};
/* End PBXProject section */

/* Begin PBXResourcesBuildPhase section */
		30771E06244506CF00890AB9 /* Resources */ = {
			isa = PBXResourcesBuildPhase;
			buildActionMask = 2147483647;
			files = (
				30771E17244506D000890AB9 /* Main.storyboard in Resources */,
				A75E2EF8245840C50008EC73 /* Jungle_Ambience1.mp3 in Resources */,
				A75F35122457AEE800515A91 /* Jungle_Action.mp3 in Resources */,
				A75F35182457B4E700515A91 /* dead.wav in Resources */,
				30771E0E244506D000890AB9 /* IntroScene.sks in Resources */,
				30771E19244506D200890AB9 /* Assets.xcassets in Resources */,
				A757A3F424524CCC0059CFBA /* theboldfont.ttf in Resources */,
				30771E1C244506D200890AB9 /* LaunchScreen.storyboard in Resources */,
				A757A3ED24523F1E0059CFBA /* sfx_throw.wav in Resources */,
				A77C0ED0245993DB000992F8 /* special_level.wav in Resources */,
				A75E2EF624583E1A0008EC73 /* Jungle_Ambience.mp3 in Resources */,
				A757A3F0245243FB0059CFBA /* hit.wav in Resources */,
				A751EBD92451067B001B5DD9 /* JumperScene.sks in Resources */,
				A757A3E924523C720059CFBA /* Jungle_Intro.mp3 in Resources */,
			);
			runOnlyForDeploymentPostprocessing = 0;
		};
/* End PBXResourcesBuildPhase section */

/* Begin PBXSourcesBuildPhase section */
		30771E04244506CF00890AB9 /* Sources */ = {
			isa = PBXSourcesBuildPhase;
			buildActionMask = 2147483647;
			files = (
				A764088F2454CEFB00D1B4B4 /* IntroScene.swift in Sources */,
				30BD2B992445173D00272DA0 /* JumperScene.swift in Sources */,
				30771E14244506D000890AB9 /* GameViewController.swift in Sources */,
				A75857D62453317C006C70B5 /* GameOverScene.swift in Sources */,
				30771E0C244506D000890AB9 /* AppDelegate.swift in Sources */,
			);
			runOnlyForDeploymentPostprocessing = 0;
		};
/* End PBXSourcesBuildPhase section */

/* Begin PBXVariantGroup section */
		30771E15244506D000890AB9 /* Main.storyboard */ = {
			isa = PBXVariantGroup;
			children = (
				30771E16244506D000890AB9 /* Base */,
			);
			name = Main.storyboard;
			sourceTree = "<group>";
		};
		30771E1A244506D200890AB9 /* LaunchScreen.storyboard */ = {
			isa = PBXVariantGroup;
			children = (
				30771E1B244506D200890AB9 /* Base */,
			);
			name = LaunchScreen.storyboard;
			sourceTree = "<group>";
		};
/* End PBXVariantGroup section */

/* Begin XCBuildConfiguration section */
		30771E1E244506D200890AB9 /* Debug */ = {
			isa = XCBuildConfiguration;
			buildSettings = {
				ALWAYS_SEARCH_USER_PATHS = NO;
				CLANG_ANALYZER_NONNULL = YES;
				CLANG_ANALYZER_NUMBER_OBJECT_CONVERSION = YES_AGGRESSIVE;
				CLANG_CXX_LANGUAGE_STANDARD = "gnu++14";
				CLANG_CXX_LIBRARY = "libc++";
				CLANG_ENABLE_MODULES = YES;
				CLANG_ENABLE_OBJC_ARC = YES;
				CLANG_ENABLE_OBJC_WEAK = YES;
				CLANG_WARN_BLOCK_CAPTURE_AUTORELEASING = YES;
				CLANG_WARN_BOOL_CONVERSION = YES;
				CLANG_WARN_COMMA = YES;
				CLANG_WARN_CONSTANT_CONVERSION = YES;
				CLANG_WARN_DEPRECATED_OBJC_IMPLEMENTATIONS = YES;
				CLANG_WARN_DIRECT_OBJC_ISA_USAGE = YES_ERROR;
				CLANG_WARN_DOCUMENTATION_COMMENTS = YES;
				CLANG_WARN_EMPTY_BODY = YES;
				CLANG_WARN_ENUM_CONVERSION = YES;
				CLANG_WARN_INFINITE_RECURSION = YES;
				CLANG_WARN_INT_CONVERSION = YES;
				CLANG_WARN_NON_LITERAL_NULL_CONVERSION = YES;
				CLANG_WARN_OBJC_IMPLICIT_RETAIN_SELF = YES;
				CLANG_WARN_OBJC_LITERAL_CONVERSION = YES;
				CLANG_WARN_OBJC_ROOT_CLASS = YES_ERROR;
				CLANG_WARN_RANGE_LOOP_ANALYSIS = YES;
				CLANG_WARN_STRICT_PROTOTYPES = YES;
				CLANG_WARN_SUSPICIOUS_MOVE = YES;
				CLANG_WARN_UNGUARDED_AVAILABILITY = YES_AGGRESSIVE;
				CLANG_WARN_UNREACHABLE_CODE = YES;
				CLANG_WARN__DUPLICATE_METHOD_MATCH = YES;
				COPY_PHASE_STRIP = NO;
				DEBUG_INFORMATION_FORMAT = dwarf;
				ENABLE_STRICT_OBJC_MSGSEND = YES;
				ENABLE_TESTABILITY = YES;
				GCC_C_LANGUAGE_STANDARD = gnu11;
				GCC_DYNAMIC_NO_PIC = NO;
				GCC_NO_COMMON_BLOCKS = YES;
				GCC_OPTIMIZATION_LEVEL = 0;
				GCC_PREPROCESSOR_DEFINITIONS = (
					"DEBUG=1",
					"$(inherited)",
				);
				GCC_WARN_64_TO_32_BIT_CONVERSION = YES;
				GCC_WARN_ABOUT_RETURN_TYPE = YES_ERROR;
				GCC_WARN_UNDECLARED_SELECTOR = YES;
				GCC_WARN_UNINITIALIZED_AUTOS = YES_AGGRESSIVE;
				GCC_WARN_UNUSED_FUNCTION = YES;
				GCC_WARN_UNUSED_VARIABLE = YES;
				IPHONEOS_DEPLOYMENT_TARGET = 13.4;
				MTL_ENABLE_DEBUG_INFO = INCLUDE_SOURCE;
				MTL_FAST_MATH = YES;
				ONLY_ACTIVE_ARCH = YES;
				SDKROOT = iphoneos;
				SWIFT_ACTIVE_COMPILATION_CONDITIONS = DEBUG;
				SWIFT_OPTIMIZATION_LEVEL = "-Onone";
			};
			name = Debug;
		};
		30771E1F244506D200890AB9 /* Release */ = {
			isa = XCBuildConfiguration;
			buildSettings = {
				ALWAYS_SEARCH_USER_PATHS = NO;
				CLANG_ANALYZER_NONNULL = YES;
				CLANG_ANALYZER_NUMBER_OBJECT_CONVERSION = YES_AGGRESSIVE;
				CLANG_CXX_LANGUAGE_STANDARD = "gnu++14";
				CLANG_CXX_LIBRARY = "libc++";
				CLANG_ENABLE_MODULES = YES;
				CLANG_ENABLE_OBJC_ARC = YES;
				CLANG_ENABLE_OBJC_WEAK = YES;
				CLANG_WARN_BLOCK_CAPTURE_AUTORELEASING = YES;
				CLANG_WARN_BOOL_CONVERSION = YES;
				CLANG_WARN_COMMA = YES;
				CLANG_WARN_CONSTANT_CONVERSION = YES;
				CLANG_WARN_DEPRECATED_OBJC_IMPLEMENTATIONS = YES;
				CLANG_WARN_DIRECT_OBJC_ISA_USAGE = YES_ERROR;
				CLANG_WARN_DOCUMENTATION_COMMENTS = YES;
				CLANG_WARN_EMPTY_BODY = YES;
				CLANG_WARN_ENUM_CONVERSION = YES;
				CLANG_WARN_INFINITE_RECURSION = YES;
				CLANG_WARN_INT_CONVERSION = YES;
				CLANG_WARN_NON_LITERAL_NULL_CONVERSION = YES;
				CLANG_WARN_OBJC_IMPLICIT_RETAIN_SELF = YES;
				CLANG_WARN_OBJC_LITERAL_CONVERSION = YES;
				CLANG_WARN_OBJC_ROOT_CLASS = YES_ERROR;
				CLANG_WARN_RANGE_LOOP_ANALYSIS = YES;
				CLANG_WARN_STRICT_PROTOTYPES = YES;
				CLANG_WARN_SUSPICIOUS_MOVE = YES;
				CLANG_WARN_UNGUARDED_AVAILABILITY = YES_AGGRESSIVE;
				CLANG_WARN_UNREACHABLE_CODE = YES;
				CLANG_WARN__DUPLICATE_METHOD_MATCH = YES;
				COPY_PHASE_STRIP = NO;
				DEBUG_INFORMATION_FORMAT = "dwarf-with-dsym";
				ENABLE_NS_ASSERTIONS = NO;
				ENABLE_STRICT_OBJC_MSGSEND = YES;
				GCC_C_LANGUAGE_STANDARD = gnu11;
				GCC_NO_COMMON_BLOCKS = YES;
				GCC_WARN_64_TO_32_BIT_CONVERSION = YES;
				GCC_WARN_ABOUT_RETURN_TYPE = YES_ERROR;
				GCC_WARN_UNDECLARED_SELECTOR = YES;
				GCC_WARN_UNINITIALIZED_AUTOS = YES_AGGRESSIVE;
				GCC_WARN_UNUSED_FUNCTION = YES;
				GCC_WARN_UNUSED_VARIABLE = YES;
				IPHONEOS_DEPLOYMENT_TARGET = 13.4;
				MTL_ENABLE_DEBUG_INFO = NO;
				MTL_FAST_MATH = YES;
				SDKROOT = iphoneos;
				SWIFT_COMPILATION_MODE = wholemodule;
				SWIFT_OPTIMIZATION_LEVEL = "-O";
				VALIDATE_PRODUCT = YES;
			};
			name = Release;
		};
		30771E21244506D200890AB9 /* Debug */ = {
			isa = XCBuildConfiguration;
			buildSettings = {
				ASSETCATALOG_COMPILER_APPICON_NAME = AppIcon;
				CODE_SIGN_STYLE = Automatic;
				INFOPLIST_FILE = jump_game/Info.plist;
				LD_RUNPATH_SEARCH_PATHS = (
					"$(inherited)",
					"@executable_path/Frameworks",
				);
				PRODUCT_BUNDLE_IDENTIFIER = "project.jump-game";
				PRODUCT_NAME = "$(TARGET_NAME)";
				SWIFT_VERSION = 5.0;
				TARGETED_DEVICE_FAMILY = "1,2";
			};
			name = Debug;
		};
		30771E22244506D200890AB9 /* Release */ = {
			isa = XCBuildConfiguration;
			buildSettings = {
				ASSETCATALOG_COMPILER_APPICON_NAME = AppIcon;
				CODE_SIGN_STYLE = Automatic;
				INFOPLIST_FILE = jump_game/Info.plist;
				LD_RUNPATH_SEARCH_PATHS = (
					"$(inherited)",
					"@executable_path/Frameworks",
				);
				PRODUCT_BUNDLE_IDENTIFIER = "project.jump-game";
				PRODUCT_NAME = "$(TARGET_NAME)";
				SWIFT_VERSION = 5.0;
				TARGETED_DEVICE_FAMILY = "1,2";
			};
			name = Release;
		};
/* End XCBuildConfiguration section */

/* Begin XCConfigurationList section */
		30771E03244506CF00890AB9 /* Build configuration list for PBXProject "jump_game" */ = {
			isa = XCConfigurationList;
			buildConfigurations = (
				30771E1E244506D200890AB9 /* Debug */,
				30771E1F244506D200890AB9 /* Release */,
			);
			defaultConfigurationIsVisible = 0;
			defaultConfigurationName = Release;
		};
		30771E20244506D200890AB9 /* Build configuration list for PBXNativeTarget "jump_game" */ = {
			isa = XCConfigurationList;
			buildConfigurations = (
				30771E21244506D200890AB9 /* Debug */,
				30771E22244506D200890AB9 /* Release */,
			);
			defaultConfigurationIsVisible = 0;
			defaultConfigurationName = Release;
		};
/* End XCConfigurationList section */
	};
	rootObject = 30771E00244506CF00890AB9 /* Project object */;
}
